
Microsoft Visual Studio Solution File, Format Version 12.00
# Visual Studio 15
VisualStudioVersion = 15.0.28307.421
MinimumVisualStudioVersion = 10.0.40219.1
Project("{FAE04EC0-301F-11D3-BF4B-00C04F79EFBC}") = "prj_01_poo_media_aluno", "prj_01_poo_media_aluno\prj_01_poo_media_aluno.csproj", "{BC455D87-FA07-40D3-91C4-8F46C92C5F1A}"
EndProject
Global
	GlobalSection(SolutionConfigurationPlatforms) = preSolution
		Debug|Any CPU = Debug|Any CPU
		Release|Any CPU = Release|Any CPU
	EndGlobalSection
	GlobalSection(ProjectConfigurationPlatforms) = postSolution
		{BC455D87-FA07-40D3-91C4-8F46C92C5F1A}.Debug|Any CPU.ActiveCfg = Debug|Any CPU
		{BC455D87-FA07-40D3-91C4-8F46C92C5F1A}.Debug|Any CPU.Build.0 = Debug|Any CPU
		{BC455D87-FA07-40D3-91C4-8F46C92C5F1A}.Release|Any CPU.ActiveCfg = Release|Any CPU
		{BC455D87-FA07-40D3-91C4-8F46C92C5F1A}.Release|Any CPU.Build.0 = Release|Any CPU
	EndGlobalSection
	GlobalSection(SolutionProperties) = preSolution
		HideSolutionNode = FALSE
	EndGlobalSection
	GlobalSection(ExtensibilityGlobals) = postSolution
		SolutionGuid = {69D9E631-7259-4B58-BC14-95F3FCB078B8}
	EndGlobalSection
EndGlobal
